
Microsoft Visual Studio Solution File, Format Version 12.00
# Visual Studio Version 16
VisualStudioVersion = 16.0.31911.196
MinimumVisualStudioVersion = 10.0.40219.1
Project("{8BC9CEB8-8B4A-11D0-8D11-00A0C91BC942}") = "Hook", "Hook\Hook.vcxproj", "{E0615280-7801-4854-B0FF-6E683F5C6E2A}"
EndProject
Project("{8BC9CEB8-8B4A-11D0-8D11-00A0C91BC942}") = "QCodeEditor", "QCodeEditor\QCodeEditor.vcxproj", "{61976F5B-D013-4666-91C0-C81BF9328AFE}"
EndProject
Project("{8BC9CEB8-8B4A-11D0-8D11-00A0C91BC942}") = "Concentrating", "Concentrating\Concentrating.vcxproj", "{CAAC028B-79B9-442C-B03B-183E9CA99BDE}"
	ProjectSection(ProjectDependencies) = postProject
		{E0615280-7801-4854-B0FF-6E683F5C6E2A} = {E0615280-7801-4854-B0FF-6E683F5C6E2A}
	EndProjectSection
EndProject
Project("{8BC9CEB8-8B4A-11D0-8D11-00A0C91BC942}") = "ConcerntratingBrowser", "ConcerntratingBrowser\ConcerntratingBrowser.vcxproj", "{EC7157FF-6BD8-4587-AF3E-516AB7560048}"
EndProject
Project("{8BC9CEB8-8B4A-11D0-8D11-00A0C91BC942}") = "LuaBinding", "LuaBinding\LuaBinding.vcxproj", "{BE6A9468-E6B1-4086-876E-0E9F458EAAC9}"
EndProject
Global
	GlobalSection(SolutionConfigurationPlatforms) = preSolution
		Debug|x64 = Debug|x64
		Debug|x86 = Debug|x86
		Release|x64 = Release|x64
		Release|x86 = Release|x86
	EndGlobalSection
	GlobalSection(ProjectConfigurationPlatforms) = postSolution
		{E0615280-7801-4854-B0FF-6E683F5C6E2A}.Debug|x64.ActiveCfg = Debug|x64
		{E0615280-7801-4854-B0FF-6E683F5C6E2A}.Debug|x64.Build.0 = Debug|x64
		{E0615280-7801-4854-B0FF-6E683F5C6E2A}.Debug|x86.ActiveCfg = Debug|Win32
		{E0615280-7801-4854-B0FF-6E683F5C6E2A}.Debug|x86.Build.0 = Debug|Win32
		{E0615280-7801-4854-B0FF-6E683F5C6E2A}.Release|x64.ActiveCfg = Release|x64
		{E0615280-7801-4854-B0FF-6E683F5C6E2A}.Release|x64.Build.0 = Release|x64
		{E0615280-7801-4854-B0FF-6E683F5C6E2A}.Release|x86.ActiveCfg = Release|Win32
		{E0615280-7801-4854-B0FF-6E683F5C6E2A}.Release|x86.Build.0 = Release|Win32
		{61976F5B-D013-4666-91C0-C81BF9328AFE}.Debug|x64.ActiveCfg = Debug|x64
		{61976F5B-D013-4666-91C0-C81BF9328AFE}.Debug|x64.Build.0 = Debug|x64
		{61976F5B-D013-4666-91C0-C81BF9328AFE}.Debug|x86.ActiveCfg = Debug|x64
		{61976F5B-D013-4666-91C0-C81BF9328AFE}.Release|x64.ActiveCfg = Release|x64
		{61976F5B-D013-4666-91C0-C81BF9328AFE}.Release|x64.Build.0 = Release|x64
		{61976F5B-D013-4666-91C0-C81BF9328AFE}.Release|x86.ActiveCfg = Release|x64
		{CAAC028B-79B9-442C-B03B-183E9CA99BDE}.Debug|x64.ActiveCfg = Debug|x64
		{CAAC028B-79B9-442C-B03B-183E9CA99BDE}.Debug|x64.Build.0 = Debug|x64
		{CAAC028B-79B9-442C-B03B-183E9CA99BDE}.Debug|x86.ActiveCfg = Debug|x64
		{CAAC028B-79B9-442C-B03B-183E9CA99BDE}.Release|x64.ActiveCfg = Release|x64
		{CAAC028B-79B9-442C-B03B-183E9CA99BDE}.Release|x64.Build.0 = Release|x64
		{CAAC028B-79B9-442C-B03B-183E9CA99BDE}.Release|x86.ActiveCfg = Release|x64
		{EC7157FF-6BD8-4587-AF3E-516AB7560048}.Debug|x64.ActiveCfg = Debug|x64
		{EC7157FF-6BD8-4587-AF3E-516AB7560048}.Debug|x64.Build.0 = Debug|x64
		{EC7157FF-6BD8-4587-AF3E-516AB7560048}.Debug|x86.ActiveCfg = Debug|x64
		{EC7157FF-6BD8-4587-AF3E-516AB7560048}.Release|x64.ActiveCfg = Release|x64
		{EC7157FF-6BD8-4587-AF3E-516AB7560048}.Release|x64.Build.0 = Release|x64
		{EC7157FF-6BD8-4587-AF3E-516AB7560048}.Release|x86.ActiveCfg = Release|x64
		{BE6A9468-E6B1-4086-876E-0E9F458EAAC9}.Debug|x64.ActiveCfg = Debug|x64
		{BE6A9468-E6B1-4086-876E-0E9F458EAAC9}.Debug|x64.Build.0 = Debug|x64
		{BE6A9468-E6B1-4086-876E-0E9F458EAAC9}.Debug|x86.ActiveCfg = Debug|x64
		{BE6A9468-E6B1-4086-876E-0E9F458EAAC9}.Release|x64.ActiveCfg = Release|x64
		{BE6A9468-E6B1-4086-876E-0E9F458EAAC9}.Release|x64.Build.0 = Release|x64
		{BE6A9468-E6B1-4086-876E-0E9F458EAAC9}.Release|x86.ActiveCfg = Release|x64
	EndGlobalSection
	GlobalSection(SolutionProperties) = preSolution
		HideSolutionNode = FALSE
	EndGlobalSection
	GlobalSection(ExtensibilityGlobals) = postSolution
		SolutionGuid = {3CABABDB-F36F-4E73-B618-EAA9235AEBAD}
	EndGlobalSection
EndGlobal
