<?xml version="1.0" encoding="utf-8"?>
<Project ToolsVersion="4.0" xmlns="http://schemas.microsoft.com/developer/msbuild/2003">
  <ItemGroup>
    <Filter Include="Source Files">
      <UniqueIdentifier>{4FC737F1-C7A5-4376-A066-2A32D752A2FF}</UniqueIdentifier>
      <Extensions>cpp;c;cc;cxx;def;odl;idl;hpj;bat;asm;asmx</Extensions>
    </Filter>
    <Filter Include="Header Files">
      <UniqueIdentifier>{93995380-89BD-4b04-88EB-625FBE52EBFB}</UniqueIdentifier>
      <Extensions>h;hh;hpp;hxx;hm;inl;inc;xsd</Extensions>
    </Filter>
    <Filter Include="Resource Files">
      <UniqueIdentifier>{67DA6AB6-F800-4c08-8B7A-83BB121AAD01}</UniqueIdentifier>
      <Extensions>qrc;rc;ico;cur;bmp;dlg;rc2;rct;bin;rgs;gif;jpg;jpeg;jpe;resx;tiff;tif;png;wav;mfcribbon-ms</Extensions>
    </Filter>
    <Filter Include="Form Files">
      <UniqueIdentifier>{99349809-55BA-4b9d-BF79-8FDBB0286EB3}</UniqueIdentifier>
      <Extensions>ui</Extensions>
    </Filter>
    <Filter Include="Translation Files">
      <UniqueIdentifier>{639EADAA-A684-42e4-A9AD-28FC9BCB8F7C}</UniqueIdentifier>
      <Extensions>ts</Extensions>
    </Filter>
    <Filter Include="Header Files\Widgets">
      <UniqueIdentifier>{6fc382bc-c569-4efc-af75-bdd54fb6510d}</UniqueIdentifier>
    </Filter>
    <Filter Include="Header Files\Managers">
      <UniqueIdentifier>{ec14f932-623a-4363-a934-2a56a5387b67}</UniqueIdentifier>
    </Filter>
    <Filter Include="Header Files\Helpers">
      <UniqueIdentifier>{616bf1cc-e27e-4ed9-b7d5-c7a10ba92c52}</UniqueIdentifier>
    </Filter>
    <Filter Include="Header Files\Models">
      <UniqueIdentifier>{9150dc97-4861-4009-a78c-da49856ad24c}</UniqueIdentifier>
    </Filter>
    <Filter Include="Source Files\Models">
      <UniqueIdentifier>{cf077172-0337-4295-876d-b29651283ee6}</UniqueIdentifier>
    </Filter>
    <Filter Include="Source Files\Helpers">
      <UniqueIdentifier>{12e81bdd-1bd5-401b-a3b0-03220a43849b}</UniqueIdentifier>
    </Filter>
    <Filter Include="Source Files\Widgets">
      <UniqueIdentifier>{61d90b52-4c57-455d-915a-0e7367dabf8e}</UniqueIdentifier>
    </Filter>
    <Filter Include="Source Files\Managers">
      <UniqueIdentifier>{323fe299-6664-4db7-bf2c-f0473d1e888d}</UniqueIdentifier>
    </Filter>
  </ItemGroup>
  <ItemGroup>
    <QtRcc Include="MainWindow.qrc">
      <Filter>Resource Files</Filter>
    </QtRcc>
    <QtUic Include="MainWindow.ui">
      <Filter>Form Files</Filter>
    </QtUic>
  </ItemGroup>
  <ItemGroup>
    <ClCompile Include="main.cpp">
      <Filter>Source Files</Filter>
    </ClCompile>
    <ClCompile Include="LuaBinding.cpp">
      <Filter>Source Files</Filter>
    </ClCompile>
    <ClCompile Include="AutoStartHelper.cpp">
      <Filter>Source Files\Helpers</Filter>
    </ClCompile>
    <ClCompile Include="KeyboardHelper.cpp">
      <Filter>Source Files\Helpers</Filter>
    </ClCompile>
    <ClCompile Include="LuaScriptRunner.cpp">
      <Filter>Source Files\Helpers</Filter>
    </ClCompile>
    <ClCompile Include="MouseHelper.cpp">
      <Filter>Source Files\Helpers</Filter>
    </ClCompile>
    <ClCompile Include="ProcessHelper.cpp">
      <Filter>Source Files\Helpers</Filter>
    </ClCompile>
    <ClCompile Include="ProcessProtecter.cpp">
      <Filter>Source Files\Helpers</Filter>
    </ClCompile>
    <ClCompile Include="SettingManager.cpp">
      <Filter>Source Files\Managers</Filter>
    </ClCompile>
    <ClCompile Include="ScriptManager.cpp">
      <Filter>Source Files\Managers</Filter>
    </ClCompile>
    <ClCompile Include="LogPage.cpp">
      <Filter>Source Files\Widgets</Filter>
    </ClCompile>
    <ClCompile Include="MainWindow.cpp">
      <Filter>Source Files\Widgets</Filter>
    </ClCompile>
    <ClCompile Include="ScriptPage.cpp">
      <Filter>Source Files\Widgets</Filter>
    </ClCompile>
    <ClCompile Include="SettingPage.cpp">
      <Filter>Source Files\Widgets</Filter>
    </ClCompile>
    <ClCompile Include="SettingTableModel.cpp">
      <Filter>Source Files\Models</Filter>
    </ClCompile>
    <ClCompile Include="ScriptListModel.cpp">
      <Filter>Source Files\Models</Filter>
    </ClCompile>
    <ClCompile Include="QVariantTreeNode.cpp">
      <Filter>Source Files\Models</Filter>
    </ClCompile>
    <ClCompile Include="QVariantModel.cpp">
      <Filter>Source Files\Models</Filter>
    </ClCompile>
    <ClCompile Include="ScriptComboBox.cpp">
      <Filter>Source Files\Widgets</Filter>
    </ClCompile>
    <ClCompile Include="ScheduleTableModel.cpp">
      <Filter>Source Files\Models</Filter>
    </ClCompile>
    <ClCompile Include="ScheduleDelegate.cpp">
      <Filter>Source Files\Models</Filter>
    </ClCompile>
    <ClCompile Include="ScheduleManager.cpp">
      <Filter>Source Files\Managers</Filter>
    </ClCompile>
    <ClCompile Include="MusicPlayer.cpp">
      <Filter>Source Files</Filter>
    </ClCompile>
    <ClCompile Include="QVariantDelegate.cpp">
      <Filter>Source Files\Models</Filter>
    </ClCompile>
    <ClCompile Include="QVariantTypeComboBox.cpp">
      <Filter>Source Files\Widgets</Filter>
    </ClCompile>
    <ClCompile Include="ShutdownHelper.cpp">
      <Filter>Source Files\Helpers</Filter>
    </ClCompile>
    <ClCompile Include="LuaScriptRunnerPool.cpp">
      <Filter>Source Files</Filter>
    </ClCompile>
    <ClCompile Include="MethodRunner.cpp">
      <Filter>Source Files</Filter>
    </ClCompile>
    <ClCompile Include="CronTime.cpp">
      <Filter>Source Files</Filter>
    </ClCompile>
    <ClCompile Include="TextSpeaker.cpp">
      <Filter>Source Files</Filter>
    </ClCompile>
  </ItemGroup>
  <ItemGroup>
    <QtMoc Include="LuaBinding.h">
      <Filter>Header Files</Filter>
    </QtMoc>
    <QtMoc Include="MainWindow.h">
      <Filter>Header Files\Widgets</Filter>
    </QtMoc>
    <QtMoc Include="LogPage.h">
      <Filter>Header Files\Widgets</Filter>
    </QtMoc>
    <QtMoc Include="ScriptPage.h">
      <Filter>Header Files\Widgets</Filter>
    </QtMoc>
    <QtMoc Include="SettingPage.h">
      <Filter>Header Files\Widgets</Filter>
    </QtMoc>
    <QtMoc Include="SettingTableModel.h">
      <Filter>Header Files\Models</Filter>
    </QtMoc>
    <QtMoc Include="ScriptListModel.h">
      <Filter>Header Files\Models</Filter>
    </QtMoc>
    <QtMoc Include="LuaScriptRunner.h">
      <Filter>Header Files\Helpers</Filter>
    </QtMoc>
    <QtMoc Include="QVariantModel.h">
      <Filter>Header Files\Models</Filter>
    </QtMoc>
    <QtMoc Include="QVariantTreeNode.h">
      <Filter>Header Files\Models</Filter>
    </QtMoc>
    <QtMoc Include="ScheduleDelegate.h">
      <Filter>Header Files\Models</Filter>
    </QtMoc>
    <QtMoc Include="ScheduleTableModel.h">
      <Filter>Header Files\Models</Filter>
    </QtMoc>
    <QtMoc Include="ScheduleManager.h">
      <Filter>Header Files\Managers</Filter>
    </QtMoc>
    <QtMoc Include="ScriptComboBox.h">
      <Filter>Header Files\Widgets</Filter>
    </QtMoc>
    <QtMoc Include="QVariantDelegate.h">
      <Filter>Header Files\Models</Filter>
    </QtMoc>
    <QtMoc Include="QVariantTypeComboBox.h">
      <Filter>Header Files\Widgets</Filter>
    </QtMoc>
    <QtMoc Include="LuaScriptRunnerPool.h">
      <Filter>Header Files</Filter>
    </QtMoc>
    <QtMoc Include="MethodInvoker.hpp">
      <Filter>Header Files</Filter>
    </QtMoc>
  </ItemGroup>
  <ItemGroup>
    <QtUic Include="ScriptPage.ui">
      <Filter>Form Files</Filter>
    </QtUic>
    <QtUic Include="SettingPage.ui">
      <Filter>Form Files</Filter>
    </QtUic>
    <QtUic Include="LogPage.ui">
      <Filter>Form Files</Filter>
    </QtUic>
  </ItemGroup>
  <ItemGroup>
    <ClInclude Include="AutoStartHelper.h">
      <Filter>Header Files\Helpers</Filter>
    </ClInclude>
    <ClInclude Include="KeyboardHelper.h">
      <Filter>Header Files\Helpers</Filter>
    </ClInclude>
    <ClInclude Include="MouseHelper.h">
      <Filter>Header Files\Helpers</Filter>
    </ClInclude>
    <ClInclude Include="ProcessHelper.h">
      <Filter>Header Files\Helpers</Filter>
    </ClInclude>
    <ClInclude Include="SettingManager.h">
      <Filter>Header Files\Managers</Filter>
    </ClInclude>
    <ClInclude Include="ScriptManager.h">
      <Filter>Header Files\Managers</Filter>
    </ClInclude>
    <ClInclude Include="ProcessProtecter.h">
      <Filter>Header Files\Helpers</Filter>
    </ClInclude>
    <ClInclude Include="MusicPlayer.h">
      <Filter>Header Files</Filter>
    </ClInclude>
    <ClInclude Include="ShutdownHelper.h">
      <Filter>Header Files\Helpers</Filter>
    </ClInclude>
    <ClInclude Include="MethodRunner.h">
      <Filter>Header Files</Filter>
    </ClInclude>
    <ClInclude Include="CronTime.h">
      <Filter>Header Files</Filter>
    </ClInclude>
    <ClInclude Include="version.h">
      <Filter>Header Files</Filter>
    </ClInclude>
    <ClInclude Include="TextSpeaker.h">
      <Filter>Header Files</Filter>
    </ClInclude>
  </ItemGroup>
  <ItemGroup>
    <None Include="vkcodes.inc">
      <Filter>Header Files</Filter>
    </None>
    <None Include="buttons.inc">
      <Filter>Header Files</Filter>
    </None>
  </ItemGroup>
  <ItemGroup>
    <Image Include="icon.ico">
      <Filter>Resource Files</Filter>
    </Image>
  </ItemGroup>
  <ItemGroup>
    <QtTranslation Include="zh.ts">
      <Filter>Translation Files</Filter>
    </QtTranslation>
  </ItemGroup>
</Project>